
Microsoft Visual Studio Solution File, Format Version 12.00
# Visual Studio Version 17
VisualStudioVersion = 17.5.33627.172
MinimumVisualStudioVersion = 10.0.40219.1
Project("{9A19103F-16F7-4668-BE54-9A1E7A4F7556}") = "JocDelsHerois", "JocDelsHerois\JocDelsHerois.csproj", "{7950F624-03A9-4401-9C1A-5D3F77780080}"
EndProject
Project("{9A19103F-16F7-4668-BE54-9A1E7A4F7556}") = "Heroes", "Heroes\Heroes.csproj", "{BC42D66F-78DC-4ECF-8996-F86B7655FD3E}"
EndProject
Project("{9A19103F-16F7-4668-BE54-9A1E7A4F7556}") = "Utils", "Utils\Utils.csproj", "{2A9B02A5-3738-4F7E-BBCE-8EC445711913}"
EndProject
Project("{9A19103F-16F7-4668-BE54-9A1E7A4F7556}") = "Messages", "Messages\Messages.csproj", "{A789FF6B-464E-4448-B2F4-203AB437BCB8}"
EndProject
Global
	GlobalSection(SolutionConfigurationPlatforms) = preSolution
		Debug|Any CPU = Debug|Any CPU
		Release|Any CPU = Release|Any CPU
	EndGlobalSection
	GlobalSection(ProjectConfigurationPlatforms) = postSolution
		{7950F624-03A9-4401-9C1A-5D3F77780080}.Debug|Any CPU.ActiveCfg = Debug|Any CPU
		{7950F624-03A9-4401-9C1A-5D3F77780080}.Debug|Any CPU.Build.0 = Debug|Any CPU
		{7950F624-03A9-4401-9C1A-5D3F77780080}.Release|Any CPU.ActiveCfg = Release|Any CPU
		{7950F624-03A9-4401-9C1A-5D3F77780080}.Release|Any CPU.Build.0 = Release|Any CPU
		{BC42D66F-78DC-4ECF-8996-F86B7655FD3E}.Debug|Any CPU.ActiveCfg = Debug|Any CPU
		{BC42D66F-78DC-4ECF-8996-F86B7655FD3E}.Debug|Any CPU.Build.0 = Debug|Any CPU
		{BC42D66F-78DC-4ECF-8996-F86B7655FD3E}.Release|Any CPU.ActiveCfg = Release|Any CPU
		{BC42D66F-78DC-4ECF-8996-F86B7655FD3E}.Release|Any CPU.Build.0 = Release|Any CPU
		{2A9B02A5-3738-4F7E-BBCE-8EC445711913}.Debug|Any CPU.ActiveCfg = Debug|Any CPU
		{2A9B02A5-3738-4F7E-BBCE-8EC445711913}.Debug|Any CPU.Build.0 = Debug|Any CPU
		{2A9B02A5-3738-4F7E-BBCE-8EC445711913}.Release|Any CPU.ActiveCfg = Release|Any CPU
		{2A9B02A5-3738-4F7E-BBCE-8EC445711913}.Release|Any CPU.Build.0 = Release|Any CPU
		{A789FF6B-464E-4448-B2F4-203AB437BCB8}.Debug|Any CPU.ActiveCfg = Debug|Any CPU
		{A789FF6B-464E-4448-B2F4-203AB437BCB8}.Debug|Any CPU.Build.0 = Debug|Any CPU
		{A789FF6B-464E-4448-B2F4-203AB437BCB8}.Release|Any CPU.ActiveCfg = Release|Any CPU
		{A789FF6B-464E-4448-B2F4-203AB437BCB8}.Release|Any CPU.Build.0 = Release|Any CPU
	EndGlobalSection
	GlobalSection(SolutionProperties) = preSolution
		HideSolutionNode = FALSE
	EndGlobalSection
	GlobalSection(ExtensibilityGlobals) = postSolution
		SolutionGuid = {5B9A656A-0BEB-4E54-927E-F22F8B3D1D6C}
	EndGlobalSection
EndGlobal
